
Microsoft Visual Studio Solution File, Format Version 12.00
# Visual Studio Version 16
VisualStudioVersion = 16.0.30804.86
MinimumVisualStudioVersion = 10.0.40219.1
Project("{FAE04EC0-301F-11D3-BF4B-00C04F79EFBC}") = "XamarinWeatherApp.Android", "XamarinWeatherApp.Android\XamarinWeatherApp.Android.csproj", "{2A6DC687-E826-4810-86B3-291A9F21A1B5}"
EndProject
Project("{FAE04EC0-301F-11D3-BF4B-00C04F79EFBC}") = "XamarinWeatherApp.iOS", "XamarinWeatherApp.iOS\XamarinWeatherApp.iOS.csproj", "{06286432-8C3C-44AB-9A13-09F8B220696C}"
EndProject
Project("{FAE04EC0-301F-11D3-BF4B-00C04F79EFBC}") = "XamarinWeatherApp", "XamarinWeatherApp\XamarinWeatherApp.csproj", "{317F3399-2843-4D6C-BFBF-133545D096EB}"
EndProject
Global
	GlobalSection(SolutionConfigurationPlatforms) = preSolution
		Debug|Any CPU = Debug|Any CPU
		Debug|iPhone = Debug|iPhone
		Debug|iPhoneSimulator = Debug|iPhoneSimulator
		Release|Any CPU = Release|Any CPU
		Release|iPhone = Release|iPhone
		Release|iPhoneSimulator = Release|iPhoneSimulator
	EndGlobalSection
	GlobalSection(ProjectConfigurationPlatforms) = postSolution
		{2A6DC687-E826-4810-86B3-291A9F21A1B5}.Debug|Any CPU.ActiveCfg = Debug|Any CPU
		{2A6DC687-E826-4810-86B3-291A9F21A1B5}.Debug|Any CPU.Build.0 = Debug|Any CPU
		{2A6DC687-E826-4810-86B3-291A9F21A1B5}.Debug|Any CPU.Deploy.0 = Debug|Any CPU
		{2A6DC687-E826-4810-86B3-291A9F21A1B5}.Debug|iPhone.ActiveCfg = Debug|Any CPU
		{2A6DC687-E826-4810-86B3-291A9F21A1B5}.Debug|iPhone.Build.0 = Debug|Any CPU
		{2A6DC687-E826-4810-86B3-291A9F21A1B5}.Debug|iPhone.Deploy.0 = Debug|Any CPU
		{2A6DC687-E826-4810-86B3-291A9F21A1B5}.Debug|iPhoneSimulator.ActiveCfg = Debug|Any CPU
		{2A6DC687-E826-4810-86B3-291A9F21A1B5}.Debug|iPhoneSimulator.Build.0 = Debug|Any CPU
		{2A6DC687-E826-4810-86B3-291A9F21A1B5}.Debug|iPhoneSimulator.Deploy.0 = Debug|Any CPU
		{2A6DC687-E826-4810-86B3-291A9F21A1B5}.Release|Any CPU.ActiveCfg = Release|Any CPU
		{2A6DC687-E826-4810-86B3-291A9F21A1B5}.Release|Any CPU.Build.0 = Release|Any CPU
		{2A6DC687-E826-4810-86B3-291A9F21A1B5}.Release|Any CPU.Deploy.0 = Release|Any CPU
		{2A6DC687-E826-4810-86B3-291A9F21A1B5}.Release|iPhone.ActiveCfg = Release|Any CPU
		{2A6DC687-E826-4810-86B3-291A9F21A1B5}.Release|iPhone.Build.0 = Release|Any CPU
		{2A6DC687-E826-4810-86B3-291A9F21A1B5}.Release|iPhone.Deploy.0 = Release|Any CPU
		{2A6DC687-E826-4810-86B3-291A9F21A1B5}.Release|iPhoneSimulator.ActiveCfg = Release|Any CPU
		{2A6DC687-E826-4810-86B3-291A9F21A1B5}.Release|iPhoneSimulator.Build.0 = Release|Any CPU
		{2A6DC687-E826-4810-86B3-291A9F21A1B5}.Release|iPhoneSimulator.Deploy.0 = Release|Any CPU
		{06286432-8C3C-44AB-9A13-09F8B220696C}.Debug|Any CPU.ActiveCfg = Debug|iPhone
		{06286432-8C3C-44AB-9A13-09F8B220696C}.Debug|Any CPU.Build.0 = Debug|iPhone
		{06286432-8C3C-44AB-9A13-09F8B220696C}.Debug|Any CPU.Deploy.0 = Debug|iPhone
		{06286432-8C3C-44AB-9A13-09F8B220696C}.Debug|iPhone.ActiveCfg = Debug|iPhone
		{06286432-8C3C-44AB-9A13-09F8B220696C}.Debug|iPhone.Build.0 = Debug|iPhone
		{06286432-8C3C-44AB-9A13-09F8B220696C}.Debug|iPhone.Deploy.0 = Debug|iPhone
		{06286432-8C3C-44AB-9A13-09F8B220696C}.Debug|iPhoneSimulator.ActiveCfg = Debug|iPhoneSimulator
		{06286432-8C3C-44AB-9A13-09F8B220696C}.Debug|iPhoneSimulator.Build.0 = Debug|iPhoneSimulator
		{06286432-8C3C-44AB-9A13-09F8B220696C}.Debug|iPhoneSimulator.Deploy.0 = Debug|iPhoneSimulator
		{06286432-8C3C-44AB-9A13-09F8B220696C}.Release|Any CPU.ActiveCfg = Release|iPhoneSimulator
		{06286432-8C3C-44AB-9A13-09F8B220696C}.Release|Any CPU.Build.0 = Release|iPhoneSimulator
		{06286432-8C3C-44AB-9A13-09F8B220696C}.Release|Any CPU.Deploy.0 = Release|iPhoneSimulator
		{06286432-8C3C-44AB-9A13-09F8B220696C}.Release|iPhone.ActiveCfg = Release|iPhone
		{06286432-8C3C-44AB-9A13-09F8B220696C}.Release|iPhone.Build.0 = Release|iPhone
		{06286432-8C3C-44AB-9A13-09F8B220696C}.Release|iPhone.Deploy.0 = Release|iPhone
		{06286432-8C3C-44AB-9A13-09F8B220696C}.Release|iPhoneSimulator.ActiveCfg = Release|iPhoneSimulator
		{06286432-8C3C-44AB-9A13-09F8B220696C}.Release|iPhoneSimulator.Build.0 = Release|iPhoneSimulator
		{06286432-8C3C-44AB-9A13-09F8B220696C}.Release|iPhoneSimulator.Deploy.0 = Release|iPhoneSimulator
		{317F3399-2843-4D6C-BFBF-133545D096EB}.Debug|Any CPU.ActiveCfg = Debug|Any CPU
		{317F3399-2843-4D6C-BFBF-133545D096EB}.Debug|Any CPU.Build.0 = Debug|Any CPU
		{317F3399-2843-4D6C-BFBF-133545D096EB}.Debug|Any CPU.Deploy.0 = Debug|Any CPU
		{317F3399-2843-4D6C-BFBF-133545D096EB}.Debug|iPhone.ActiveCfg = Debug|Any CPU
		{317F3399-2843-4D6C-BFBF-133545D096EB}.Debug|iPhone.Build.0 = Debug|Any CPU
		{317F3399-2843-4D6C-BFBF-133545D096EB}.Debug|iPhone.Deploy.0 = Debug|Any CPU
		{317F3399-2843-4D6C-BFBF-133545D096EB}.Debug|iPhoneSimulator.ActiveCfg = Debug|Any CPU
		{317F3399-2843-4D6C-BFBF-133545D096EB}.Debug|iPhoneSimulator.Build.0 = Debug|Any CPU
		{317F3399-2843-4D6C-BFBF-133545D096EB}.Debug|iPhoneSimulator.Deploy.0 = Debug|Any CPU
		{317F3399-2843-4D6C-BFBF-133545D096EB}.Release|Any CPU.ActiveCfg = Release|Any CPU
		{317F3399-2843-4D6C-BFBF-133545D096EB}.Release|Any CPU.Build.0 = Release|Any CPU
		{317F3399-2843-4D6C-BFBF-133545D096EB}.Release|Any CPU.Deploy.0 = Release|Any CPU
		{317F3399-2843-4D6C-BFBF-133545D096EB}.Release|iPhone.ActiveCfg = Release|Any CPU
		{317F3399-2843-4D6C-BFBF-133545D096EB}.Release|iPhone.Build.0 = Release|Any CPU
		{317F3399-2843-4D6C-BFBF-133545D096EB}.Release|iPhone.Deploy.0 = Release|Any CPU
		{317F3399-2843-4D6C-BFBF-133545D096EB}.Release|iPhoneSimulator.ActiveCfg = Release|Any CPU
		{317F3399-2843-4D6C-BFBF-133545D096EB}.Release|iPhoneSimulator.Build.0 = Release|Any CPU
		{317F3399-2843-4D6C-BFBF-133545D096EB}.Release|iPhoneSimulator.Deploy.0 = Release|Any CPU
	EndGlobalSection
	GlobalSection(SolutionProperties) = preSolution
		HideSolutionNode = FALSE
	EndGlobalSection
	GlobalSection(ExtensibilityGlobals) = postSolution
		SolutionGuid = {6F59FF8A-C948-4B32-9A15-C907997076AF}
	EndGlobalSection
EndGlobal
